
Microsoft Visual Studio Solution File, Format Version 12.00
# Visual Studio Version 17
VisualStudioVersion = 17.5.33627.172
MinimumVisualStudioVersion = 10.0.40219.1
Project("{FAE04EC0-301F-11D3-BF4B-00C04F79EFBC}") = "Task8a", "Task8a\Task8a.csproj", "{B3FAE62A-B02A-475C-B8B3-81E59FC4D263}"
EndProject
Global
	GlobalSection(SolutionConfigurationPlatforms) = preSolution
		Debug|Any CPU = Debug|Any CPU
		Release|Any CPU = Release|Any CPU
	EndGlobalSection
	GlobalSection(ProjectConfigurationPlatforms) = postSolution
		{B3FAE62A-B02A-475C-B8B3-81E59FC4D263}.Debug|Any CPU.ActiveCfg = Debug|Any CPU
		{B3FAE62A-B02A-475C-B8B3-81E59FC4D263}.Debug|Any CPU.Build.0 = Debug|Any CPU
		{B3FAE62A-B02A-475C-B8B3-81E59FC4D263}.Release|Any CPU.ActiveCfg = Release|Any CPU
		{B3FAE62A-B02A-475C-B8B3-81E59FC4D263}.Release|Any CPU.Build.0 = Release|Any CPU
	EndGlobalSection
	GlobalSection(SolutionProperties) = preSolution
		HideSolutionNode = FALSE
	EndGlobalSection
	GlobalSection(ExtensibilityGlobals) = postSolution
		SolutionGuid = {F0F8008A-18AF-4B71-929C-0B37B5074D09}
	EndGlobalSection
EndGlobal
