
Microsoft Visual Studio Solution File, Format Version 12.00
# Visual Studio Version 16
VisualStudioVersion = 25.0.1706.7
MinimumVisualStudioVersion = 10.0.40219.1
Project("{FAE04EC0-301F-11D3-BF4B-00C04F79EFBC}") = "Task-3", "Task-3\Task-3.csproj", "{42355928-841E-4698-A79F-455886BCD61D}"
EndProject
Project("{2150E333-8FDC-42A3-9474-1A3956D46DE8}") = "Images", "Images", "{16A3EBF3-63E9-40A0-B590-857B1E883387}"
	ProjectSection(SolutionItems) = preProject
		Task-3-Class-Diagram.png = Task-3-Class-Diagram.png
		Example-prompt.png = Example-prompt.png
	EndProjectSection
EndProject
Global
	GlobalSection(SolutionConfigurationPlatforms) = preSolution
		Debug|Any CPU = Debug|Any CPU
		Release|Any CPU = Release|Any CPU
	EndGlobalSection
	GlobalSection(ProjectConfigurationPlatforms) = postSolution
		{42355928-841E-4698-A79F-455886BCD61D}.Debug|Any CPU.ActiveCfg = Debug|Any CPU
		{42355928-841E-4698-A79F-455886BCD61D}.Debug|Any CPU.Build.0 = Debug|Any CPU
		{42355928-841E-4698-A79F-455886BCD61D}.Release|Any CPU.ActiveCfg = Release|Any CPU
		{42355928-841E-4698-A79F-455886BCD61D}.Release|Any CPU.Build.0 = Release|Any CPU
	EndGlobalSection
	GlobalSection(SolutionProperties) = preSolution
		HideSolutionNode = FALSE
	EndGlobalSection
	GlobalSection(ExtensibilityGlobals) = postSolution
		SolutionGuid = {B3655601-55C9-4D96-AA97-6F5A0E94EA66}
	EndGlobalSection
EndGlobal
