
Microsoft Visual Studio Solution File, Format Version 12.00
# Visual Studio Version 16
VisualStudioVersion = 25.0.1706.7
MinimumVisualStudioVersion = 10.0.40219.1
Project("{FAE04EC0-301F-11D3-BF4B-00C04F79EFBC}") = "Homework-2", "Homework-2\Homework-2.csproj", "{121EA98B-629F-421C-B5C8-D95A8FD7AABE}"
EndProject
Global
	GlobalSection(SolutionConfigurationPlatforms) = preSolution
		Debug|Any CPU = Debug|Any CPU
		Release|Any CPU = Release|Any CPU
	EndGlobalSection
	GlobalSection(ProjectConfigurationPlatforms) = postSolution
		{121EA98B-629F-421C-B5C8-D95A8FD7AABE}.Debug|Any CPU.ActiveCfg = Debug|Any CPU
		{121EA98B-629F-421C-B5C8-D95A8FD7AABE}.Debug|Any CPU.Build.0 = Debug|Any CPU
		{121EA98B-629F-421C-B5C8-D95A8FD7AABE}.Release|Any CPU.ActiveCfg = Release|Any CPU
		{121EA98B-629F-421C-B5C8-D95A8FD7AABE}.Release|Any CPU.Build.0 = Release|Any CPU
	EndGlobalSection
	GlobalSection(SolutionProperties) = preSolution
		HideSolutionNode = FALSE
	EndGlobalSection
	GlobalSection(ExtensibilityGlobals) = postSolution
		SolutionGuid = {C77C4C95-222C-4DC0-8DF0-99486B5D0571}
	EndGlobalSection
EndGlobal
