
Microsoft Visual Studio Solution File, Format Version 12.00
# Visual Studio Version 17
VisualStudioVersion = 17.5.002.0
MinimumVisualStudioVersion = 10.0.40219.1
Project("{9A19103F-16F7-4668-BE54-9A1E7A4F7556}") = "Homework3", "Homework3.csproj", "{D15F67A8-C09E-4728-BCC3-D7AD81B3D967}"
EndProject
Global
	GlobalSection(SolutionConfigurationPlatforms) = preSolution
		Debug|Any CPU = Debug|Any CPU
		Release|Any CPU = Release|Any CPU
	EndGlobalSection
	GlobalSection(ProjectConfigurationPlatforms) = postSolution
		{D15F67A8-C09E-4728-BCC3-D7AD81B3D967}.Debug|Any CPU.ActiveCfg = Debug|Any CPU
		{D15F67A8-C09E-4728-BCC3-D7AD81B3D967}.Debug|Any CPU.Build.0 = Debug|Any CPU
		{D15F67A8-C09E-4728-BCC3-D7AD81B3D967}.Release|Any CPU.ActiveCfg = Release|Any CPU
		{D15F67A8-C09E-4728-BCC3-D7AD81B3D967}.Release|Any CPU.Build.0 = Release|Any CPU
	EndGlobalSection
	GlobalSection(SolutionProperties) = preSolution
		HideSolutionNode = FALSE
	EndGlobalSection
	GlobalSection(ExtensibilityGlobals) = postSolution
		SolutionGuid = {1E800FE5-F9DA-42BC-B0D8-77D05A80A477}
	EndGlobalSection
EndGlobal
