
Microsoft Visual Studio Solution File, Format Version 12.00
# Visual Studio Version 17
VisualStudioVersion = 17.5.33627.172
MinimumVisualStudioVersion = 10.0.40219.1
Project("{FAE04EC0-301F-11D3-BF4B-00C04F79EFBC}") = "Homework1a", "Homework1a\Homework1a.csproj", "{850B2FB7-14AE-4323-B441-E3AB413B0F20}"
EndProject
Global
	GlobalSection(SolutionConfigurationPlatforms) = preSolution
		Debug|Any CPU = Debug|Any CPU
		Release|Any CPU = Release|Any CPU
	EndGlobalSection
	GlobalSection(ProjectConfigurationPlatforms) = postSolution
		{850B2FB7-14AE-4323-B441-E3AB413B0F20}.Debug|Any CPU.ActiveCfg = Debug|Any CPU
		{850B2FB7-14AE-4323-B441-E3AB413B0F20}.Debug|Any CPU.Build.0 = Debug|Any CPU
		{850B2FB7-14AE-4323-B441-E3AB413B0F20}.Release|Any CPU.ActiveCfg = Release|Any CPU
		{850B2FB7-14AE-4323-B441-E3AB413B0F20}.Release|Any CPU.Build.0 = Release|Any CPU
	EndGlobalSection
	GlobalSection(SolutionProperties) = preSolution
		HideSolutionNode = FALSE
	EndGlobalSection
	GlobalSection(ExtensibilityGlobals) = postSolution
		SolutionGuid = {D9CD16DC-5DFE-451D-8DA3-00975C7AC2B1}
	EndGlobalSection
EndGlobal
