
Microsoft Visual Studio Solution File, Format Version 12.00
# Visual Studio Version 17
VisualStudioVersion = 17.5.33627.172
MinimumVisualStudioVersion = 10.0.40219.1
Project("{FAE04EC0-301F-11D3-BF4B-00C04F79EFBC}") = "Task3e", "Task3e\Task3e.csproj", "{F01C84B6-6419-47B3-94F5-11CB73B15050}"
EndProject
Global
	GlobalSection(SolutionConfigurationPlatforms) = preSolution
		Debug|Any CPU = Debug|Any CPU
		Release|Any CPU = Release|Any CPU
	EndGlobalSection
	GlobalSection(ProjectConfigurationPlatforms) = postSolution
		{F01C84B6-6419-47B3-94F5-11CB73B15050}.Debug|Any CPU.ActiveCfg = Debug|Any CPU
		{F01C84B6-6419-47B3-94F5-11CB73B15050}.Debug|Any CPU.Build.0 = Debug|Any CPU
		{F01C84B6-6419-47B3-94F5-11CB73B15050}.Release|Any CPU.ActiveCfg = Release|Any CPU
		{F01C84B6-6419-47B3-94F5-11CB73B15050}.Release|Any CPU.Build.0 = Release|Any CPU
	EndGlobalSection
	GlobalSection(SolutionProperties) = preSolution
		HideSolutionNode = FALSE
	EndGlobalSection
	GlobalSection(ExtensibilityGlobals) = postSolution
		SolutionGuid = {C1026C34-77E4-49FA-9F05-014012447348}
	EndGlobalSection
EndGlobal
