
Microsoft Visual Studio Solution File, Format Version 12.00
# Visual Studio Version 17
VisualStudioVersion = 17.0.31903.59
MinimumVisualStudioVersion = 10.0.40219.1
Project("{FAE04EC0-301F-11D3-BF4B-00C04F79EFBC}") = "Part1", "Part1\Part1.csproj", "{251F3260-B91D-45CC-BB9A-80703C71287A}"
EndProject
Project("{FAE04EC0-301F-11D3-BF4B-00C04F79EFBC}") = "Part2", "Part2\Part2.csproj", "{9BB97608-FDF3-41DB-9479-6E90B182AEF7}"
EndProject
Global
	GlobalSection(SolutionConfigurationPlatforms) = preSolution
		Debug|Any CPU = Debug|Any CPU
		Release|Any CPU = Release|Any CPU
	EndGlobalSection
	GlobalSection(SolutionProperties) = preSolution
		HideSolutionNode = FALSE
	EndGlobalSection
	GlobalSection(ProjectConfigurationPlatforms) = postSolution
		{251F3260-B91D-45CC-BB9A-80703C71287A}.Debug|Any CPU.ActiveCfg = Debug|Any CPU
		{251F3260-B91D-45CC-BB9A-80703C71287A}.Debug|Any CPU.Build.0 = Debug|Any CPU
		{251F3260-B91D-45CC-BB9A-80703C71287A}.Release|Any CPU.ActiveCfg = Release|Any CPU
		{251F3260-B91D-45CC-BB9A-80703C71287A}.Release|Any CPU.Build.0 = Release|Any CPU
		{9BB97608-FDF3-41DB-9479-6E90B182AEF7}.Debug|Any CPU.ActiveCfg = Debug|Any CPU
		{9BB97608-FDF3-41DB-9479-6E90B182AEF7}.Debug|Any CPU.Build.0 = Debug|Any CPU
		{9BB97608-FDF3-41DB-9479-6E90B182AEF7}.Release|Any CPU.ActiveCfg = Release|Any CPU
		{9BB97608-FDF3-41DB-9479-6E90B182AEF7}.Release|Any CPU.Build.0 = Release|Any CPU
	EndGlobalSection
EndGlobal
