
Microsoft Visual Studio Solution File, Format Version 12.00
# Visual Studio Version 16
VisualStudioVersion = 25.0.1706.7
MinimumVisualStudioVersion = 10.0.40219.1
Project("{FAE04EC0-301F-11D3-BF4B-00C04F79EFBC}") = "Homework-1", "Homework-1\Homework-1.csproj", "{CE078335-73D6-4D68-91E2-6ADE8ECEA01A}"
EndProject
Global
	GlobalSection(SolutionConfigurationPlatforms) = preSolution
		Debug|Any CPU = Debug|Any CPU
		Release|Any CPU = Release|Any CPU
	EndGlobalSection
	GlobalSection(ProjectConfigurationPlatforms) = postSolution
		{CE078335-73D6-4D68-91E2-6ADE8ECEA01A}.Debug|Any CPU.ActiveCfg = Debug|Any CPU
		{CE078335-73D6-4D68-91E2-6ADE8ECEA01A}.Debug|Any CPU.Build.0 = Debug|Any CPU
		{CE078335-73D6-4D68-91E2-6ADE8ECEA01A}.Release|Any CPU.ActiveCfg = Release|Any CPU
		{CE078335-73D6-4D68-91E2-6ADE8ECEA01A}.Release|Any CPU.Build.0 = Release|Any CPU
	EndGlobalSection
	GlobalSection(SolutionProperties) = preSolution
		HideSolutionNode = FALSE
	EndGlobalSection
	GlobalSection(ExtensibilityGlobals) = postSolution
		SolutionGuid = {84CA9898-DCEC-46E1-BB0E-DA14B8FF194E}
	EndGlobalSection
EndGlobal
