
Microsoft Visual Studio Solution File, Format Version 12.00
# Visual Studio Version 17
VisualStudioVersion = 17.7.34202.233
MinimumVisualStudioVersion = 10.0.40219.1
Project("{FAE04EC0-301F-11D3-BF4B-00C04F79EFBC}") = "Task2", "Task2.csproj", "{A9D72FFF-26DD-4331-9446-4F71B36D5533}"
EndProject
Global
	GlobalSection(SolutionConfigurationPlatforms) = preSolution
		Debug|Any CPU = Debug|Any CPU
		Release|Any CPU = Release|Any CPU
	EndGlobalSection
	GlobalSection(ProjectConfigurationPlatforms) = postSolution
		{A9D72FFF-26DD-4331-9446-4F71B36D5533}.Debug|Any CPU.ActiveCfg = Debug|Any CPU
		{A9D72FFF-26DD-4331-9446-4F71B36D5533}.Debug|Any CPU.Build.0 = Debug|Any CPU
		{A9D72FFF-26DD-4331-9446-4F71B36D5533}.Release|Any CPU.ActiveCfg = Release|Any CPU
		{A9D72FFF-26DD-4331-9446-4F71B36D5533}.Release|Any CPU.Build.0 = Release|Any CPU
	EndGlobalSection
	GlobalSection(SolutionProperties) = preSolution
		HideSolutionNode = FALSE
	EndGlobalSection
	GlobalSection(ExtensibilityGlobals) = postSolution
		SolutionGuid = {D5AE255E-47FB-486A-87DE-AB44D5DFD99F}
	EndGlobalSection
EndGlobal
