
Microsoft Visual Studio Solution File, Format Version 12.00
# Visual Studio Version 17
VisualStudioVersion = 17.8.34316.72
MinimumVisualStudioVersion = 10.0.40219.1
Project("{FAE04EC0-301F-11D3-BF4B-00C04F79EFBC}") = "Task8", "Task8\Task8.csproj", "{181B1A34-DE1B-4FA6-92C3-E646A432CEFE}"
EndProject
Global
	GlobalSection(SolutionConfigurationPlatforms) = preSolution
		Debug|Any CPU = Debug|Any CPU
		Release|Any CPU = Release|Any CPU
	EndGlobalSection
	GlobalSection(ProjectConfigurationPlatforms) = postSolution
		{181B1A34-DE1B-4FA6-92C3-E646A432CEFE}.Debug|Any CPU.ActiveCfg = Debug|Any CPU
		{181B1A34-DE1B-4FA6-92C3-E646A432CEFE}.Debug|Any CPU.Build.0 = Debug|Any CPU
		{181B1A34-DE1B-4FA6-92C3-E646A432CEFE}.Release|Any CPU.ActiveCfg = Release|Any CPU
		{181B1A34-DE1B-4FA6-92C3-E646A432CEFE}.Release|Any CPU.Build.0 = Release|Any CPU
	EndGlobalSection
	GlobalSection(SolutionProperties) = preSolution
		HideSolutionNode = FALSE
	EndGlobalSection
	GlobalSection(ExtensibilityGlobals) = postSolution
		SolutionGuid = {77AB5348-4C4E-4CB2-943B-E82E6EDB96A1}
	EndGlobalSection
EndGlobal
